// !$*UTF8*$!
{
	archiveVersion = 1;
	classes = {
	};
	objectVersion = 56;
	objects = {

/* Begin PBXBuildFile section */
		323543F32B76467300B721BB /* NetworkService.swift in Sources */ = {isa = PBXBuildFile; fileRef = 323543F22B76467300B721BB /* NetworkService.swift */; };
		32F126FD2B757C3600BEDA4A /* AppDelegate.swift in Sources */ = {isa = PBXBuildFile; fileRef = 32F126FC2B757C3600BEDA4A /* AppDelegate.swift */; };
		32F126FF2B757C3600BEDA4A /* SceneDelegate.swift in Sources */ = {isa = PBXBuildFile; fileRef = 32F126FE2B757C3600BEDA4A /* SceneDelegate.swift */; };
		32F127012B757C3600BEDA4A /* ViewController.swift in Sources */ = {isa = PBXBuildFile; fileRef = 32F127002B757C3600BEDA4A /* ViewController.swift */; };
		32F127062B757C3800BEDA4A /* Assets.xcassets in Resources */ = {isa = PBXBuildFile; fileRef = 32F127052B757C3800BEDA4A /* Assets.xcassets */; };
		32F127092B757C3800BEDA4A /* LaunchScreen.storyboard in Resources */ = {isa = PBXBuildFile; fileRef = 32F127072B757C3800BEDA4A /* LaunchScreen.storyboard */; };
		32F127112B757E9800BEDA4A /* MovieCharacters.swift in Sources */ = {isa = PBXBuildFile; fileRef = 32F127102B757E9800BEDA4A /* MovieCharacters.swift */; };
/* End PBXBuildFile section */

/* Begin PBXFileReference section */
		323543F22B76467300B721BB /* NetworkService.swift */ = {isa = PBXFileReference; lastKnownFileType = sourcecode.swift; path = NetworkService.swift; sourceTree = "<group>"; };
		32F126F92B757C3600BEDA4A /* APIFetch.app */ = {isa = PBXFileReference; explicitFileType = wrapper.application; includeInIndex = 0; path = APIFetch.app; sourceTree = BUILT_PRODUCTS_DIR; };
		32F126FC2B757C3600BEDA4A /* AppDelegate.swift */ = {isa = PBXFileReference; lastKnownFileType = sourcecode.swift; path = AppDelegate.swift; sourceTree = "<group>"; };
		32F126FE2B757C3600BEDA4A /* SceneDelegate.swift */ = {isa = PBXFileReference; lastKnownFileType = sourcecode.swift; path = SceneDelegate.swift; sourceTree = "<group>"; };
		32F127002B757C3600BEDA4A /* ViewController.swift */ = {isa = PBXFileReference; lastKnownFileType = sourcecode.swift; path = ViewController.swift; sourceTree = "<group>"; };
		32F127052B757C3800BEDA4A /* Assets.xcassets */ = {isa = PBXFileReference; lastKnownFileType = folder.assetcatalog; path = Assets.xcassets; sourceTree = "<group>"; };
		32F127082B757C3800BEDA4A /* Base */ = {isa = PBXFileReference; lastKnownFileType = file.storyboard; name = Base; path = Base.lproj/LaunchScreen.storyboard; sourceTree = "<group>"; };
		32F1270A2B757C3800BEDA4A /* Info.plist */ = {isa = PBXFileReference; lastKnownFileType = text.plist.xml; path = Info.plist; sourceTree = "<group>"; };
		32F127102B757E9800BEDA4A /* MovieCharacters.swift */ = {isa = PBXFileReference; lastKnownFileType = sourcecode.swift; path = MovieCharacters.swift; sourceTree = "<group>"; };
/* End PBXFileReference section */

/* Begin PBXFrameworksBuildPhase section */
		32F126F62B757C3600BEDA4A /* Frameworks */ = {
			isa = PBXFrameworksBuildPhase;
			buildActionMask = 2147483647;
			files = (
			);
			runOnlyForDeploymentPostprocessing = 0;
		};
/* End PBXFrameworksBuildPhase section */

/* Begin PBXGroup section */
		323543EB2B76453500B721BB /* Application */ = {
			isa = PBXGroup;
			children = (
				32F126FC2B757C3600BEDA4A /* AppDelegate.swift */,
				32F126FE2B757C3600BEDA4A /* SceneDelegate.swift */,
			);
			path = Application;
			sourceTree = "<group>";
		};
		323543EC2B76453F00B721BB /* Controller */ = {
			isa = PBXGroup;
			children = (
				32F127002B757C3600BEDA4A /* ViewController.swift */,
			);
			path = Controller;
			sourceTree = "<group>";
		};
		323543ED2B76454B00B721BB /* Model */ = {
			isa = PBXGroup;
			children = (
				32F127102B757E9800BEDA4A /* MovieCharacters.swift */,
			);
			path = Model;
			sourceTree = "<group>";
		};
		323543EF2B76455F00B721BB /* Network */ = {
			isa = PBXGroup;
			children = (
				323543F22B76467300B721BB /* NetworkService.swift */,
			);
			path = Network;
			sourceTree = "<group>";
		};
		323543F02B76456D00B721BB /* View */ = {
			isa = PBXGroup;
			children = (
			);
			path = View;
			sourceTree = "<group>";
		};
		323543F12B76459500B721BB /* Resources */ = {
			isa = PBXGroup;
			children = (
				32F127052B757C3800BEDA4A /* Assets.xcassets */,
				32F127072B757C3800BEDA4A /* LaunchScreen.storyboard */,
				32F1270A2B757C3800BEDA4A /* Info.plist */,
			);
			path = Resources;
			sourceTree = "<group>";
		};
		32F126F02B757C3600BEDA4A = {
			isa = PBXGroup;
			children = (
				32F126FB2B757C3600BEDA4A /* APIFetch */,
				32F126FA2B757C3600BEDA4A /* Products */,
			);
			sourceTree = "<group>";
		};
		32F126FA2B757C3600BEDA4A /* Products */ = {
			isa = PBXGroup;
			children = (
				32F126F92B757C3600BEDA4A /* APIFetch.app */,
			);
			name = Products;
			sourceTree = "<group>";
		};
		32F126FB2B757C3600BEDA4A /* APIFetch */ = {
			isa = PBXGroup;
			children = (
				323543EB2B76453500B721BB /* Application */,
				323543ED2B76454B00B721BB /* Model */,
				323543F02B76456D00B721BB /* View */,
				323543EC2B76453F00B721BB /* Controller */,
				323543EF2B76455F00B721BB /* Network */,
				323543F12B76459500B721BB /* Resources */,
			);
			path = APIFetch;
			sourceTree = "<group>";
		};
/* End PBXGroup section */

/* Begin PBXNativeTarget section */
		32F126F82B757C3600BEDA4A /* APIFetch */ = {
			isa = PBXNativeTarget;
			buildConfigurationList = 32F1270D2B757C3800BEDA4A /* Build configuration list for PBXNativeTarget "APIFetch" */;
			buildPhases = (
				32F126F52B757C3600BEDA4A /* Sources */,
				32F126F62B757C3600BEDA4A /* Frameworks */,
				32F126F72B757C3600BEDA4A /* Resources */,
			);
			buildRules = (
			);
			dependencies = (
			);
			name = APIFetch;
			productName = APIFetch;
			productReference = 32F126F92B757C3600BEDA4A /* APIFetch.app */;
			productType = "com.apple.product-type.application";
		};
/* End PBXNativeTarget section */

/* Begin PBXProject section */
		32F126F12B757C3600BEDA4A /* Project object */ = {
			isa = PBXProject;
			attributes = {
				BuildIndependentTargetsInParallel = 1;
				LastSwiftUpdateCheck = 1420;
				LastUpgradeCheck = 1420;
				TargetAttributes = {
					32F126F82B757C3600BEDA4A = {
						CreatedOnToolsVersion = 14.2;
					};
				};
			};
			buildConfigurationList = 32F126F42B757C3600BEDA4A /* Build configuration list for PBXProject "APIFetch" */;
			compatibilityVersion = "Xcode 14.0";
			developmentRegion = en;
			hasScannedForEncodings = 0;
			knownRegions = (
				en,
				Base,
			);
			mainGroup = 32F126F02B757C3600BEDA4A;
			productRefGroup = 32F126FA2B757C3600BEDA4A /* Products */;
			projectDirPath = "";
			projectRoot = "";
			targets = (
				32F126F82B757C3600BEDA4A /* APIFetch */,
			);
		};
/* End PBXProject section */

/* Begin PBXResourcesBuildPhase section */
		32F126F72B757C3600BEDA4A /* Resources */ = {
			isa = PBXResourcesBuildPhase;
			buildActionMask = 2147483647;
			files = (
				32F127092B757C3800BEDA4A /* LaunchScreen.storyboard in Resources */,
				32F127062B757C3800BEDA4A /* Assets.xcassets in Resources */,
			);
			runOnlyForDeploymentPostprocessing = 0;
		};
/* End PBXResourcesBuildPhase section */

/* Begin PBXSourcesBuildPhase section */
		32F126F52B757C3600BEDA4A /* Sources */ = {
			isa = PBXSourcesBuildPhase;
			buildActionMask = 2147483647;
			files = (
				323543F32B76467300B721BB /* NetworkService.swift in Sources */,
				32F127112B757E9800BEDA4A /* MovieCharacters.swift in Sources */,
				32F127012B757C3600BEDA4A /* ViewController.swift in Sources */,
				32F126FD2B757C3600BEDA4A /* AppDelegate.swift in Sources */,
				32F126FF2B757C3600BEDA4A /* SceneDelegate.swift in Sources */,
			);
			runOnlyForDeploymentPostprocessing = 0;
		};
/* End PBXSourcesBuildPhase section */

/* Begin PBXVariantGroup section */
		32F127072B757C3800BEDA4A /* LaunchScreen.storyboard */ = {
			isa = PBXVariantGroup;
			children = (
				32F127082B757C3800BEDA4A /* Base */,
			);
			name = LaunchScreen.storyboard;
			sourceTree = "<group>";
		};
/* End PBXVariantGroup section */

/* Begin XCBuildConfiguration section */
		32F1270B2B757C3800BEDA4A /* Debug */ = {
			isa = XCBuildConfiguration;
			buildSettings = {
				ALWAYS_SEARCH_USER_PATHS = NO;
				CLANG_ANALYZER_NONNULL = YES;
				CLANG_ANALYZER_NUMBER_OBJECT_CONVERSION = YES_AGGRESSIVE;
				CLANG_CXX_LANGUAGE_STANDARD = "gnu++20";
				CLANG_ENABLE_MODULES = YES;
				CLANG_ENABLE_OBJC_ARC = YES;
				CLANG_ENABLE_OBJC_WEAK = YES;
				CLANG_WARN_BLOCK_CAPTURE_AUTORELEASING = YES;
				CLANG_WARN_BOOL_CONVERSION = YES;
				CLANG_WARN_COMMA = YES;
				CLANG_WARN_CONSTANT_CONVERSION = YES;
				CLANG_WARN_DEPRECATED_OBJC_IMPLEMENTATIONS = YES;
				CLANG_WARN_DIRECT_OBJC_ISA_USAGE = YES_ERROR;
				CLANG_WARN_DOCUMENTATION_COMMENTS = YES;
				CLANG_WARN_EMPTY_BODY = YES;
				CLANG_WARN_ENUM_CONVERSION = YES;
				CLANG_WARN_INFINITE_RECURSION = YES;
				CLANG_WARN_INT_CONVERSION = YES;
				CLANG_WARN_NON_LITERAL_NULL_CONVERSION = YES;
				CLANG_WARN_OBJC_IMPLICIT_RETAIN_SELF = YES;
				CLANG_WARN_OBJC_LITERAL_CONVERSION = YES;
				CLANG_WARN_OBJC_ROOT_CLASS = YES_ERROR;
				CLANG_WARN_QUOTED_INCLUDE_IN_FRAMEWORK_HEADER = YES;
				CLANG_WARN_RANGE_LOOP_ANALYSIS = YES;
				CLANG_WARN_STRICT_PROTOTYPES = YES;
				CLANG_WARN_SUSPICIOUS_MOVE = YES;
				CLANG_WARN_UNGUARDED_AVAILABILITY = YES_AGGRESSIVE;
				CLANG_WARN_UNREACHABLE_CODE = YES;
				CLANG_WARN__DUPLICATE_METHOD_MATCH = YES;
				COPY_PHASE_STRIP = NO;
				DEBUG_INFORMATION_FORMAT = dwarf;
				ENABLE_STRICT_OBJC_MSGSEND = YES;
				ENABLE_TESTABILITY = YES;
				GCC_C_LANGUAGE_STANDARD = gnu11;
				GCC_DYNAMIC_NO_PIC = NO;
				GCC_NO_COMMON_BLOCKS = YES;
				GCC_OPTIMIZATION_LEVEL = 0;
				GCC_PREPROCESSOR_DEFINITIONS = (
					"DEBUG=1",
					"$(inherited)",
				);
				GCC_WARN_64_TO_32_BIT_CONVERSION = YES;
				GCC_WARN_ABOUT_RETURN_TYPE = YES_ERROR;
				GCC_WARN_UNDECLARED_SELECTOR = YES;
				GCC_WARN_UNINITIALIZED_AUTOS = YES_AGGRESSIVE;
				GCC_WARN_UNUSED_FUNCTION = YES;
				GCC_WARN_UNUSED_VARIABLE = YES;
				IPHONEOS_DEPLOYMENT_TARGET = 16.2;
				MTL_ENABLE_DEBUG_INFO = INCLUDE_SOURCE;
				MTL_FAST_MATH = YES;
				ONLY_ACTIVE_ARCH = YES;
				SDKROOT = iphoneos;
				SWIFT_ACTIVE_COMPILATION_CONDITIONS = DEBUG;
				SWIFT_OPTIMIZATION_LEVEL = "-Onone";
			};
			name = Debug;
		};
		32F1270C2B757C3800BEDA4A /* Release */ = {
			isa = XCBuildConfiguration;
			buildSettings = {
				ALWAYS_SEARCH_USER_PATHS = NO;
				CLANG_ANALYZER_NONNULL = YES;
				CLANG_ANALYZER_NUMBER_OBJECT_CONVERSION = YES_AGGRESSIVE;
				CLANG_CXX_LANGUAGE_STANDARD = "gnu++20";
				CLANG_ENABLE_MODULES = YES;
				CLANG_ENABLE_OBJC_ARC = YES;
				CLANG_ENABLE_OBJC_WEAK = YES;
				CLANG_WARN_BLOCK_CAPTURE_AUTORELEASING = YES;
				CLANG_WARN_BOOL_CONVERSION = YES;
				CLANG_WARN_COMMA = YES;
				CLANG_WARN_CONSTANT_CONVERSION = YES;
				CLANG_WARN_DEPRECATED_OBJC_IMPLEMENTATIONS = YES;
				CLANG_WARN_DIRECT_OBJC_ISA_USAGE = YES_ERROR;
				CLANG_WARN_DOCUMENTATION_COMMENTS = YES;
				CLANG_WARN_EMPTY_BODY = YES;
				CLANG_WARN_ENUM_CONVERSION = YES;
				CLANG_WARN_INFINITE_RECURSION = YES;
				CLANG_WARN_INT_CONVERSION = YES;
				CLANG_WARN_NON_LITERAL_NULL_CONVERSION = YES;
				CLANG_WARN_OBJC_IMPLICIT_RETAIN_SELF = YES;
				CLANG_WARN_OBJC_LITERAL_CONVERSION = YES;
				CLANG_WARN_OBJC_ROOT_CLASS = YES_ERROR;
				CLANG_WARN_QUOTED_INCLUDE_IN_FRAMEWORK_HEADER = YES;
				CLANG_WARN_RANGE_LOOP_ANALYSIS = YES;
				CLANG_WARN_STRICT_PROTOTYPES = YES;
				CLANG_WARN_SUSPICIOUS_MOVE = YES;
				CLANG_WARN_UNGUARDED_AVAILABILITY = YES_AGGRESSIVE;
				CLANG_WARN_UNREACHABLE_CODE = YES;
				CLANG_WARN__DUPLICATE_METHOD_MATCH = YES;
				COPY_PHASE_STRIP = NO;
				DEBUG_INFORMATION_FORMAT = "dwarf-with-dsym";
				ENABLE_NS_ASSERTIONS = NO;
				ENABLE_STRICT_OBJC_MSGSEND = YES;
				GCC_C_LANGUAGE_STANDARD = gnu11;
				GCC_NO_COMMON_BLOCKS = YES;
				GCC_WARN_64_TO_32_BIT_CONVERSION = YES;
				GCC_WARN_ABOUT_RETURN_TYPE = YES_ERROR;
				GCC_WARN_UNDECLARED_SELECTOR = YES;
				GCC_WARN_UNINITIALIZED_AUTOS = YES_AGGRESSIVE;
				GCC_WARN_UNUSED_FUNCTION = YES;
				GCC_WARN_UNUSED_VARIABLE = YES;
				IPHONEOS_DEPLOYMENT_TARGET = 16.2;
				MTL_ENABLE_DEBUG_INFO = NO;
				MTL_FAST_MATH = YES;
				SDKROOT = iphoneos;
				SWIFT_COMPILATION_MODE = wholemodule;
				SWIFT_OPTIMIZATION_LEVEL = "-O";
				VALIDATE_PRODUCT = YES;
			};
			name = Release;
		};
		32F1270E2B757C3800BEDA4A /* Debug */ = {
			isa = XCBuildConfiguration;
			buildSettings = {
				ASSETCATALOG_COMPILER_APPICON_NAME = AppIcon;
				ASSETCATALOG_COMPILER_GLOBAL_ACCENT_COLOR_NAME = AccentColor;
				CODE_SIGN_STYLE = Automatic;
				CURRENT_PROJECT_VERSION = 1;
				GENERATE_INFOPLIST_FILE = YES;
				INFOPLIST_FILE = APIFetch/Resources/Info.plist;
				INFOPLIST_KEY_UIApplicationSupportsIndirectInputEvents = YES;
				INFOPLIST_KEY_UILaunchStoryboardName = LaunchScreen;
				INFOPLIST_KEY_UISupportedInterfaceOrientations_iPad = "UIInterfaceOrientationPortrait UIInterfaceOrientationPortraitUpsideDown UIInterfaceOrientationLandscapeLeft UIInterfaceOrientationLandscapeRight";
				INFOPLIST_KEY_UISupportedInterfaceOrientations_iPhone = "UIInterfaceOrientationPortrait UIInterfaceOrientationLandscapeLeft UIInterfaceOrientationLandscapeRight";
				LD_RUNPATH_SEARCH_PATHS = (
					"$(inherited)",
					"@executable_path/Frameworks",
				);
				MARKETING_VERSION = 1.0;
				PRODUCT_BUNDLE_IDENTIFIER = exersice.com.APIFetch;
				PRODUCT_NAME = "$(TARGET_NAME)";
				SWIFT_EMIT_LOC_STRINGS = YES;
				SWIFT_VERSION = 5.0;
				TARGETED_DEVICE_FAMILY = "1,2";
			};
			name = Debug;
		};
		32F1270F2B757C3800BEDA4A /* Release */ = {
			isa = XCBuildConfiguration;
			buildSettings = {
				ASSETCATALOG_COMPILER_APPICON_NAME = AppIcon;
				ASSETCATALOG_COMPILER_GLOBAL_ACCENT_COLOR_NAME = AccentColor;
				CODE_SIGN_STYLE = Automatic;
				CURRENT_PROJECT_VERSION = 1;
				GENERATE_INFOPLIST_FILE = YES;
				INFOPLIST_FILE = APIFetch/Resources/Info.plist;
				INFOPLIST_KEY_UIApplicationSupportsIndirectInputEvents = YES;
				INFOPLIST_KEY_UILaunchStoryboardName = LaunchScreen;
				INFOPLIST_KEY_UISupportedInterfaceOrientations_iPad = "UIInterfaceOrientationPortrait UIInterfaceOrientationPortraitUpsideDown UIInterfaceOrientationLandscapeLeft UIInterfaceOrientationLandscapeRight";
				INFOPLIST_KEY_UISupportedInterfaceOrientations_iPhone = "UIInterfaceOrientationPortrait UIInterfaceOrientationLandscapeLeft UIInterfaceOrientationLandscapeRight";
				LD_RUNPATH_SEARCH_PATHS = (
					"$(inherited)",
					"@executable_path/Frameworks",
				);
				MARKETING_VERSION = 1.0;
				PRODUCT_BUNDLE_IDENTIFIER = exersice.com.APIFetch;
				PRODUCT_NAME = "$(TARGET_NAME)";
				SWIFT_EMIT_LOC_STRINGS = YES;
				SWIFT_VERSION = 5.0;
				TARGETED_DEVICE_FAMILY = "1,2";
			};
			name = Release;
		};
/* End XCBuildConfiguration section */

/* Begin XCConfigurationList section */
		32F126F42B757C3600BEDA4A /* Build configuration list for PBXProject "APIFetch" */ = {
			isa = XCConfigurationList;
			buildConfigurations = (
				32F1270B2B757C3800BEDA4A /* Debug */,
				32F1270C2B757C3800BEDA4A /* Release */,
			);
			defaultConfigurationIsVisible = 0;
			defaultConfigurationName = Release;
		};
		32F1270D2B757C3800BEDA4A /* Build configuration list for PBXNativeTarget "APIFetch" */ = {
			isa = XCConfigurationList;
			buildConfigurations = (
				32F1270E2B757C3800BEDA4A /* Debug */,
				32F1270F2B757C3800BEDA4A /* Release */,
			);
			defaultConfigurationIsVisible = 0;
			defaultConfigurationName = Release;
		};
/* End XCConfigurationList section */
	};
	rootObject = 32F126F12B757C3600BEDA4A /* Project object */;
}
